
Microsoft Visual Studio Solution File, Format Version 12.00
# Visual Studio 15
VisualStudioVersion = 15.0.27004.2008
MinimumVisualStudioVersion = 10.0.40219.1
Project("{FAE04EC0-301F-11D3-BF4B-00C04F79EFBC}") = "FantasyNBA", "FantasyNBA\FantasyNBA.csproj", "{082EDA89-65C8-4751-9A36-9AC131606078}"
EndProject
Global
	GlobalSection(SolutionConfigurationPlatforms) = preSolution
		Debug|Any CPU = Debug|Any CPU
		Release|Any CPU = Release|Any CPU
	EndGlobalSection
	GlobalSection(ProjectConfigurationPlatforms) = postSolution
		{082EDA89-65C8-4751-9A36-9AC131606078}.Debug|Any CPU.ActiveCfg = Debug|Any CPU
		{082EDA89-65C8-4751-9A36-9AC131606078}.Debug|Any CPU.Build.0 = Debug|Any CPU
		{082EDA89-65C8-4751-9A36-9AC131606078}.Release|Any CPU.ActiveCfg = Release|Any CPU
		{082EDA89-65C8-4751-9A36-9AC131606078}.Release|Any CPU.Build.0 = Release|Any CPU
	EndGlobalSection
	GlobalSection(SolutionProperties) = preSolution
		HideSolutionNode = FALSE
	EndGlobalSection
	GlobalSection(ExtensibilityGlobals) = postSolution
		SolutionGuid = {C28FF766-F2AD-46B4-9A0F-40C4EDC19D0C}
	EndGlobalSection
EndGlobal
